<?xml version="1.0" encoding="utf-8"?>
<Project ToolsVersion="4.0" xmlns="http://schemas.microsoft.com/developer/msbuild/2003">
  <ItemGroup>
    <Filter Include="X-Gears files">
      <UniqueIdentifier>{93995380-89BD-4b04-88EB-625FBE52EBFB}</UniqueIdentifier>
      <Extensions>h;hpp;hxx;hm;inl;inc;xsd;cpp;c;cc;cxx;def;odl;idl;hpj;bat;asm;asmx</Extensions>
    </Filter>
  </ItemGroup>
  <ItemGroup>
    <ClCompile Include="src\AnimatedModel.cpp">
      <Filter>X-Gears files</Filter>
    </ClCompile>
    <ClCompile Include="src\AnimationExtractor.cpp">
      <Filter>X-Gears files</Filter>
    </ClCompile>
    <ClCompile Include="src\ArchiveFile.cpp">
      <Filter>X-Gears files</Filter>
    </ClCompile>
    <ClCompile Include="src\DialogFile.cpp">
      <Filter>X-Gears files</Filter>
    </ClCompile>
    <ClCompile Include="src\FieldModel.cpp">
      <Filter>X-Gears files</Filter>
    </ClCompile>
    <ClCompile Include="src\FieldModule.cpp">
      <Filter>X-Gears files</Filter>
    </ClCompile>
    <ClCompile Include="src\FieldPackFile.cpp">
      <Filter>X-Gears files</Filter>
    </ClCompile>
    <ClCompile Include="src\Main.cpp">
      <Filter>X-Gears files</Filter>
    </ClCompile>
    <ClCompile Include="src\ModelFile.cpp">
      <Filter>X-Gears files</Filter>
    </ClCompile>
    <ClCompile Include="src\PacketFile.cpp">
      <Filter>X-Gears files</Filter>
    </ClCompile>
    <ClCompile Include="src\ScriptFile.cpp">
      <Filter>X-Gears files</Filter>
    </ClCompile>
    <ClCompile Include="src\SpriteFile.cpp">
      <Filter>X-Gears files</Filter>
    </ClCompile>
    <ClCompile Include="src\TextFile.cpp">
      <Filter>X-Gears files</Filter>
    </ClCompile>
    <ClCompile Include="src\TextParse.cpp">
      <Filter>X-Gears files</Filter>
    </ClCompile>
    <ClCompile Include="src\Utilites.cpp">
      <Filter>X-Gears files</Filter>
    </ClCompile>
    <ClCompile Include="src\Walkmesh.cpp">
      <Filter>X-Gears files</Filter>
    </ClCompile>
    <ClCompile Include="src\WalkmeshFile.cpp">
      <Filter>X-Gears files</Filter>
    </ClCompile>
    <ClCompile Include="..\common\File.cpp">
      <Filter>X-Gears files</Filter>
    </ClCompile>
    <ClCompile Include="..\common\Logger.cpp">
      <Filter>X-Gears files</Filter>
    </ClCompile>
    <ClCompile Include="..\common\Vram.cpp">
      <Filter>X-Gears files</Filter>
    </ClCompile>
    <ClCompile Include="..\common\OgreGenUtilites.cpp">
      <Filter>X-Gears files</Filter>
    </ClCompile>
    <ClCompile Include="..\common\FileSystem.cpp">
      <Filter>X-Gears files</Filter>
    </ClCompile>
    <ClCompile Include="..\common\DebugDraw.cpp">
      <Filter>X-Gears files</Filter>
    </ClCompile>
  </ItemGroup>
  <ItemGroup>
    <ClInclude Include="src\AnimatedModel.h">
      <Filter>X-Gears files</Filter>
    </ClInclude>
    <ClInclude Include="src\AnimationExtractor.h">
      <Filter>X-Gears files</Filter>
    </ClInclude>
    <ClInclude Include="src\ArchiveFile.h">
      <Filter>X-Gears files</Filter>
    </ClInclude>
    <ClInclude Include="src\DialogFile.h">
      <Filter>X-Gears files</Filter>
    </ClInclude>
    <ClInclude Include="src\FieldModel.h">
      <Filter>X-Gears files</Filter>
    </ClInclude>
    <ClInclude Include="src\FieldModule.h">
      <Filter>X-Gears files</Filter>
    </ClInclude>
    <ClInclude Include="src\FieldPackFile.h">
      <Filter>X-Gears files</Filter>
    </ClInclude>
    <ClInclude Include="src\ModelFile.h">
      <Filter>X-Gears files</Filter>
    </ClInclude>
    <ClInclude Include="src\PacketFile.h">
      <Filter>X-Gears files</Filter>
    </ClInclude>
    <ClInclude Include="src\ScriptFile.h">
      <Filter>X-Gears files</Filter>
    </ClInclude>
    <ClInclude Include="src\SpriteFile.h">
      <Filter>X-Gears files</Filter>
    </ClInclude>
    <ClInclude Include="src\TextFile.h">
      <Filter>X-Gears files</Filter>
    </ClInclude>
    <ClInclude Include="src\TextParse.h">
      <Filter>X-Gears files</Filter>
    </ClInclude>
    <ClInclude Include="src\Utilites.h">
      <Filter>X-Gears files</Filter>
    </ClInclude>
    <ClInclude Include="src\Walkmesh.h">
      <Filter>X-Gears files</Filter>
    </ClInclude>
    <ClInclude Include="src\WalkmeshFile.h">
      <Filter>X-Gears files</Filter>
    </ClInclude>
    <ClInclude Include="..\common\File.h">
      <Filter>X-Gears files</Filter>
    </ClInclude>
    <ClInclude Include="..\common\Logger.h">
      <Filter>X-Gears files</Filter>
    </ClInclude>
    <ClInclude Include="..\common\OgreBase.h">
      <Filter>X-Gears files</Filter>
    </ClInclude>
    <ClInclude Include="..\common\Vram.h">
      <Filter>X-Gears files</Filter>
    </ClInclude>
    <ClInclude Include="..\common\OgreGenUtilites.h">
      <Filter>X-Gears files</Filter>
    </ClInclude>
    <ClInclude Include="..\common\FileSystem.h">
      <Filter>X-Gears files</Filter>
    </ClInclude>
    <ClInclude Include="..\common\DebugDraw.h">
      <Filter>X-Gears files</Filter>
    </ClInclude>
  </ItemGroup>
</Project>